
Microsoft Visual Studio Solution File, Format Version 12.00
# Visual Studio Version 17
VisualStudioVersion = 17.14.36408.4 d17.14
MinimumVisualStudioVersion = 10.0.40219.1
Project("{F2A71F9B-5D33-465A-A702-920D77279786}") = "Dictionary", "Dictionary.fsproj", "{654B1A34-E4E7-4AA8-9280-53211D4938AF}"
EndProject
Global
	GlobalSection(SolutionConfigurationPlatforms) = preSolution
		Debug|Any CPU = Debug|Any CPU
		Release|Any CPU = Release|Any CPU
	EndGlobalSection
	GlobalSection(ProjectConfigurationPlatforms) = postSolution
		{654B1A34-E4E7-4AA8-9280-53211D4938AF}.Debug|Any CPU.ActiveCfg = Debug|Any CPU
		{654B1A34-E4E7-4AA8-9280-53211D4938AF}.Debug|Any CPU.Build.0 = Debug|Any CPU
		{654B1A34-E4E7-4AA8-9280-53211D4938AF}.Release|Any CPU.ActiveCfg = Release|Any CPU
		{654B1A34-E4E7-4AA8-9280-53211D4938AF}.Release|Any CPU.Build.0 = Release|Any CPU
	EndGlobalSection
	GlobalSection(SolutionProperties) = preSolution
		HideSolutionNode = FALSE
	EndGlobalSection
	GlobalSection(ExtensibilityGlobals) = postSolution
		SolutionGuid = {92BC7A81-5B85-4F74-AEEF-2D396956BC6D}
	EndGlobalSection
EndGlobal
